{
  "name": "AI-Powered-Virtual-Assistant-main",
  "lockfileVersion": 3,
  "requires": true,
  "packages": {
    "": {
      "dependencies": {
        "recognition": "^0.0.1",
        "speech": "^0.2.1"
      }
    },
    "node_modules/recognition": {
      "version": "0.0.1",
      "resolved": "https://registry.npmjs.org/recognition/-/recognition-0.0.1.tgz",
      "integrity": "sha512-rKWC7HvSycOf/6gdyXN5Lj7ZJnCjefci2ZG9b7WnfeUo3lc8FkMmwwu5CZ0B9QUAnKble/On1s/p8ljTkTbARQ=="
    },
    "node_modules/speech": {
      "version": "0.2.1",
      "resolved": "https://registry.npmjs.org/speech/-/speech-0.2.1.tgz",
      "integrity": "sha512-iSndZyQYG/PJAktzm+XToiIP152Zcr1Mele1OQrupd3a0feZhS6Zx9/vhb4Lu9stec1qVcgpG4h64m//VscoEg=="
    }
  }
}
